# THIS IS AN AUTOGENERATED FILE. DO NOT EDIT THIS FILE DIRECTLY.
# yarn lockfile v1


"@types/node@^16.10.1":
  version "16.10.1"
  resolved "https://registry.npmmirror.com/@types/node/download/@types/node-16.10.1.tgz?cache=0&sync_timestamp=1632567964280&other_urls=https%3A%2F%2Fregistry.npmmirror.com%2F%40types%2Fnode%2Fdownload%2F%40types%2Fnode-16.10.1.tgz#f3647623199ca920960006b3dccf633ea905f243"
  integrity sha1-82R2IxmcqSCWAAaz3M9jPqkF8kM=
